
Microsoft Visual Studio Solution File, Format Version 12.00
# Visual Studio Version 17
VisualStudioVersion = 17.0.31903.59
MinimumVisualStudioVersion = 10.0.40219.1
Project("{FAE04EC0-301F-11D3-BF4B-00C04F79EFBC}") = "Fgc.Api", "Fgc.Api\Fgc.Api.csproj", "{A44AF332-F899-4C61-BF7F-B1DD744C77E3}"
EndProject
Project("{FAE04EC0-301F-11D3-BF4B-00C04F79EFBC}") = "Fgc.Application", "Fgc.Application\Fgc.Application.csproj", "{32762C64-D244-4EA6-A1C7-32429FFB48B9}"
EndProject
Project("{FAE04EC0-301F-11D3-BF4B-00C04F79EFBC}") = "Fgc.Domain", "Fgc.Domain\Fgc.Domain.csproj", "{06B6EAD4-84C0-4733-B376-5B25123851E9}"
EndProject
Project("{FAE04EC0-301F-11D3-BF4B-00C04F79EFBC}") = "Fgc.Infrastructure", "Fgc.Infrastructure\Fgc.Infrastructure.csproj", "{8D76449D-45F1-4272-AD22-2679851D86DA}"
EndProject
Project("{FAE04EC0-301F-11D3-BF4B-00C04F79EFBC}") = "Fgc.Tests", "Fgc.Tests\Fgc.Tests.csproj", "{5D3B21A3-5C1B-4B7E-80E9-EB8959C61757}"
EndProject
Global
	GlobalSection(SolutionConfigurationPlatforms) = preSolution
		Debug|Any CPU = Debug|Any CPU
		Debug|x64 = Debug|x64
		Debug|x86 = Debug|x86
		Release|Any CPU = Release|Any CPU
		Release|x64 = Release|x64
		Release|x86 = Release|x86
	EndGlobalSection
	GlobalSection(ProjectConfigurationPlatforms) = postSolution
		{A44AF332-F899-4C61-BF7F-B1DD744C77E3}.Debug|Any CPU.ActiveCfg = Debug|Any CPU
		{A44AF332-F899-4C61-BF7F-B1DD744C77E3}.Debug|Any CPU.Build.0 = Debug|Any CPU
		{A44AF332-F899-4C61-BF7F-B1DD744C77E3}.Debug|x64.ActiveCfg = Debug|Any CPU
		{A44AF332-F899-4C61-BF7F-B1DD744C77E3}.Debug|x64.Build.0 = Debug|Any CPU
		{A44AF332-F899-4C61-BF7F-B1DD744C77E3}.Debug|x86.ActiveCfg = Debug|Any CPU
		{A44AF332-F899-4C61-BF7F-B1DD744C77E3}.Debug|x86.Build.0 = Debug|Any CPU
		{A44AF332-F899-4C61-BF7F-B1DD744C77E3}.Release|Any CPU.ActiveCfg = Release|Any CPU
		{A44AF332-F899-4C61-BF7F-B1DD744C77E3}.Release|Any CPU.Build.0 = Release|Any CPU
		{A44AF332-F899-4C61-BF7F-B1DD744C77E3}.Release|x64.ActiveCfg = Release|Any CPU
		{A44AF332-F899-4C61-BF7F-B1DD744C77E3}.Release|x64.Build.0 = Release|Any CPU
		{A44AF332-F899-4C61-BF7F-B1DD744C77E3}.Release|x86.ActiveCfg = Release|Any CPU
		{A44AF332-F899-4C61-BF7F-B1DD744C77E3}.Release|x86.Build.0 = Release|Any CPU
		{32762C64-D244-4EA6-A1C7-32429FFB48B9}.Debug|Any CPU.ActiveCfg = Debug|Any CPU
		{32762C64-D244-4EA6-A1C7-32429FFB48B9}.Debug|Any CPU.Build.0 = Debug|Any CPU
		{32762C64-D244-4EA6-A1C7-32429FFB48B9}.Debug|x64.ActiveCfg = Debug|Any CPU
		{32762C64-D244-4EA6-A1C7-32429FFB48B9}.Debug|x64.Build.0 = Debug|Any CPU
		{32762C64-D244-4EA6-A1C7-32429FFB48B9}.Debug|x86.ActiveCfg = Debug|Any CPU
		{32762C64-D244-4EA6-A1C7-32429FFB48B9}.Debug|x86.Build.0 = Debug|Any CPU
		{32762C64-D244-4EA6-A1C7-32429FFB48B9}.Release|Any CPU.ActiveCfg = Release|Any CPU
		{32762C64-D244-4EA6-A1C7-32429FFB48B9}.Release|Any CPU.Build.0 = Release|Any CPU
		{32762C64-D244-4EA6-A1C7-32429FFB48B9}.Release|x64.ActiveCfg = Release|Any CPU
		{32762C64-D244-4EA6-A1C7-32429FFB48B9}.Release|x64.Build.0 = Release|Any CPU
		{32762C64-D244-4EA6-A1C7-32429FFB48B9}.Release|x86.ActiveCfg = Release|Any CPU
		{32762C64-D244-4EA6-A1C7-32429FFB48B9}.Release|x86.Build.0 = Release|Any CPU
		{06B6EAD4-84C0-4733-B376-5B25123851E9}.Debug|Any CPU.ActiveCfg = Debug|Any CPU
		{06B6EAD4-84C0-4733-B376-5B25123851E9}.Debug|Any CPU.Build.0 = Debug|Any CPU
		{06B6EAD4-84C0-4733-B376-5B25123851E9}.Debug|x64.ActiveCfg = Debug|Any CPU
		{06B6EAD4-84C0-4733-B376-5B25123851E9}.Debug|x64.Build.0 = Debug|Any CPU
		{06B6EAD4-84C0-4733-B376-5B25123851E9}.Debug|x86.ActiveCfg = Debug|Any CPU
		{06B6EAD4-84C0-4733-B376-5B25123851E9}.Debug|x86.Build.0 = Debug|Any CPU
		{06B6EAD4-84C0-4733-B376-5B25123851E9}.Release|Any CPU.ActiveCfg = Release|Any CPU
		{06B6EAD4-84C0-4733-B376-5B25123851E9}.Release|Any CPU.Build.0 = Release|Any CPU
		{06B6EAD4-84C0-4733-B376-5B25123851E9}.Release|x64.ActiveCfg = Release|Any CPU
		{06B6EAD4-84C0-4733-B376-5B25123851E9}.Release|x64.Build.0 = Release|Any CPU
		{06B6EAD4-84C0-4733-B376-5B25123851E9}.Release|x86.ActiveCfg = Release|Any CPU
		{06B6EAD4-84C0-4733-B376-5B25123851E9}.Release|x86.Build.0 = Release|Any CPU
		{8D76449D-45F1-4272-AD22-2679851D86DA}.Debug|Any CPU.ActiveCfg = Debug|Any CPU
		{8D76449D-45F1-4272-AD22-2679851D86DA}.Debug|Any CPU.Build.0 = Debug|Any CPU
		{8D76449D-45F1-4272-AD22-2679851D86DA}.Debug|x64.ActiveCfg = Debug|Any CPU
		{8D76449D-45F1-4272-AD22-2679851D86DA}.Debug|x64.Build.0 = Debug|Any CPU
		{8D76449D-45F1-4272-AD22-2679851D86DA}.Debug|x86.ActiveCfg = Debug|Any CPU
		{8D76449D-45F1-4272-AD22-2679851D86DA}.Debug|x86.Build.0 = Debug|Any CPU
		{8D76449D-45F1-4272-AD22-2679851D86DA}.Release|Any CPU.ActiveCfg = Release|Any CPU
		{8D76449D-45F1-4272-AD22-2679851D86DA}.Release|Any CPU.Build.0 = Release|Any CPU
		{8D76449D-45F1-4272-AD22-2679851D86DA}.Release|x64.ActiveCfg = Release|Any CPU
		{8D76449D-45F1-4272-AD22-2679851D86DA}.Release|x64.Build.0 = Release|Any CPU
		{8D76449D-45F1-4272-AD22-2679851D86DA}.Release|x86.ActiveCfg = Release|Any CPU
		{8D76449D-45F1-4272-AD22-2679851D86DA}.Release|x86.Build.0 = Release|Any CPU
		{5D3B21A3-5C1B-4B7E-80E9-EB8959C61757}.Debug|Any CPU.ActiveCfg = Debug|Any CPU
		{5D3B21A3-5C1B-4B7E-80E9-EB8959C61757}.Debug|Any CPU.Build.0 = Debug|Any CPU
		{5D3B21A3-5C1B-4B7E-80E9-EB8959C61757}.Debug|x64.ActiveCfg = Debug|Any CPU
		{5D3B21A3-5C1B-4B7E-80E9-EB8959C61757}.Debug|x64.Build.0 = Debug|Any CPU
		{5D3B21A3-5C1B-4B7E-80E9-EB8959C61757}.Debug|x86.ActiveCfg = Debug|Any CPU
		{5D3B21A3-5C1B-4B7E-80E9-EB8959C61757}.Debug|x86.Build.0 = Debug|Any CPU
		{5D3B21A3-5C1B-4B7E-80E9-EB8959C61757}.Release|Any CPU.ActiveCfg = Release|Any CPU
		{5D3B21A3-5C1B-4B7E-80E9-EB8959C61757}.Release|Any CPU.Build.0 = Release|Any CPU
		{5D3B21A3-5C1B-4B7E-80E9-EB8959C61757}.Release|x64.ActiveCfg = Release|Any CPU
		{5D3B21A3-5C1B-4B7E-80E9-EB8959C61757}.Release|x64.Build.0 = Release|Any CPU
		{5D3B21A3-5C1B-4B7E-80E9-EB8959C61757}.Release|x86.ActiveCfg = Release|Any CPU
		{5D3B21A3-5C1B-4B7E-80E9-EB8959C61757}.Release|x86.Build.0 = Release|Any CPU
	EndGlobalSection
	GlobalSection(SolutionProperties) = preSolution
		HideSolutionNode = FALSE
	EndGlobalSection
	GlobalSection(ExtensibilityGlobals) = postSolution
		SolutionGuid = {A449200A-7B14-4764-ABD0-213F967CDC4A}
	EndGlobalSection
EndGlobal
